
Microsoft Visual Studio Solution File, Format Version 12.00
# Visual Studio Version 17
VisualStudioVersion = 17.6.33829.357
MinimumVisualStudioVersion = 10.0.40219.1
Project("{8BC9CEB8-8B4A-11D0-8D11-00A0C91BC942}") = "review_play_chess_game", "review_play_chess_game\review_play_chess_game.vcxproj", "{D2BF1728-FC0A-448D-8415-9DE7C40A9CBC}"
EndProject
Global
	GlobalSection(SolutionConfigurationPlatforms) = preSolution
		Debug|x64 = Debug|x64
		Debug|x86 = Debug|x86
		Release|x64 = Release|x64
		Release|x86 = Release|x86
	EndGlobalSection
	GlobalSection(ProjectConfigurationPlatforms) = postSolution
		{D2BF1728-FC0A-448D-8415-9DE7C40A9CBC}.Debug|x64.ActiveCfg = Debug|x64
		{D2BF1728-FC0A-448D-8415-9DE7C40A9CBC}.Debug|x64.Build.0 = Debug|x64
		{D2BF1728-FC0A-448D-8415-9DE7C40A9CBC}.Debug|x86.ActiveCfg = Debug|Win32
		{D2BF1728-FC0A-448D-8415-9DE7C40A9CBC}.Debug|x86.Build.0 = Debug|Win32
		{D2BF1728-FC0A-448D-8415-9DE7C40A9CBC}.Release|x64.ActiveCfg = Release|x64
		{D2BF1728-FC0A-448D-8415-9DE7C40A9CBC}.Release|x64.Build.0 = Release|x64
		{D2BF1728-FC0A-448D-8415-9DE7C40A9CBC}.Release|x86.ActiveCfg = Release|Win32
		{D2BF1728-FC0A-448D-8415-9DE7C40A9CBC}.Release|x86.Build.0 = Release|Win32
	EndGlobalSection
	GlobalSection(SolutionProperties) = preSolution
		HideSolutionNode = FALSE
	EndGlobalSection
	GlobalSection(ExtensibilityGlobals) = postSolution
		SolutionGuid = {0637CFC7-09F9-4463-A90A-A9A7C65D0169}
	EndGlobalSection
EndGlobal
